// !$*UTF8*$!
{
	archiveVersion = 1;
	classes = {
	};
	objectVersion = 46;
	objects = {

/* Begin PBXBuildFile section */
		355667AB1AC67732009A7110 /* SubSettingsController.swift in Sources */ = {isa = PBXBuildFile; fileRef = 355667AA1AC67732009A7110 /* SubSettingsController.swift */; };
		355667AD1AC6776E009A7110 /* SubSetupController.swift in Sources */ = {isa = PBXBuildFile; fileRef = 355667AC1AC6776E009A7110 /* SubSetupController.swift */; };
		355667B11AC677E4009A7110 /* TeleopController.swift in Sources */ = {isa = PBXBuildFile; fileRef = 355667B01AC677E4009A7110 /* TeleopController.swift */; };
		355667B31AC677F0009A7110 /* PostgameController.swift in Sources */ = {isa = PBXBuildFile; fileRef = 355667B21AC677F0009A7110 /* PostgameController.swift */; };
		355667B51AC67815009A7110 /* ScoutRevController.swift in Sources */ = {isa = PBXBuildFile; fileRef = 355667B41AC67815009A7110 /* ScoutRevController.swift */; };
		355667B71AC67849009A7110 /* AutonController.swift in Sources */ = {isa = PBXBuildFile; fileRef = 355667B61AC67849009A7110 /* AutonController.swift */; };
		35F124571AC0EF0F00643E30 /* libicucore.dylib in Frameworks */ = {isa = PBXBuildFile; fileRef = 35F124561AC0EF0F00643E30 /* libicucore.dylib */; };
		35F124591AC0EF1F00643E30 /* libc++.dylib in Frameworks */ = {isa = PBXBuildFile; fileRef = 35F124581AC0EF1F00643E30 /* libc++.dylib */; };
		35F1245B1AC0EF2900643E30 /* CFNetwork.framework in Frameworks */ = {isa = PBXBuildFile; fileRef = 35F1245A1AC0EF2900643E30 /* CFNetwork.framework */; };
		35F1245D1AC0EF3500643E30 /* Security.framework in Frameworks */ = {isa = PBXBuildFile; fileRef = 35F1245C1AC0EF3500643E30 /* Security.framework */; };
		35F1245F1AC0EF4100643E30 /* SystemConfiguration.framework in Frameworks */ = {isa = PBXBuildFile; fileRef = 35F1245E1AC0EF4100643E30 /* SystemConfiguration.framework */; };
		D95EFAC81AA148F300748F34 /* AppDelegate.swift in Sources */ = {isa = PBXBuildFile; fileRef = D95EFAC71AA148F300748F34 /* AppDelegate.swift */; };
		D95EFACD1AA148F300748F34 /* Main.storyboard in Resources */ = {isa = PBXBuildFile; fileRef = D95EFACB1AA148F300748F34 /* Main.storyboard */; };
		D95EFACF1AA148F300748F34 /* Images.xcassets in Resources */ = {isa = PBXBuildFile; fileRef = D95EFACE1AA148F300748F34 /* Images.xcassets */; };
		D95EFAD21AA148F300748F34 /* LaunchScreen.xib in Resources */ = {isa = PBXBuildFile; fileRef = D95EFAD01AA148F300748F34 /* LaunchScreen.xib */; };
		D95EFADE1AA148F300748F34 /* MVRTScoutingTests.swift in Sources */ = {isa = PBXBuildFile; fileRef = D95EFADD1AA148F300748F34 /* MVRTScoutingTests.swift */; };
		D9C711A51AA67D2D0092695F /* MainOptionController.swift in Sources */ = {isa = PBXBuildFile; fileRef = D9C711A41AA67D2D0092695F /* MainOptionController.swift */; };
		D9C711A71AA6907D0092695F /* SubController.swift in Sources */ = {isa = PBXBuildFile; fileRef = D9C711A61AA6907D0092695F /* SubController.swift */; };
		D9C711AA1AA695BD0092695F /* SuperSettingsController.swift in Sources */ = {isa = PBXBuildFile; fileRef = D9C711A91AA695BD0092695F /* SuperSettingsController.swift */; };
		D9C711AC1AA695FC0092695F /* SuperStandScoutingController.swift in Sources */ = {isa = PBXBuildFile; fileRef = D9C711AB1AA695FC0092695F /* SuperStandScoutingController.swift */; };
		D9C711B01AA696AD0092695F /* ColorScheme.swift in Sources */ = {isa = PBXBuildFile; fileRef = D9C711AF1AA696AD0092695F /* ColorScheme.swift */; };
		D9C741001AC76DD40080E126 /* Firebase.framework in Frameworks */ = {isa = PBXBuildFile; fileRef = D9C740FF1AC76DD40080E126 /* Firebase.framework */; };
/* End PBXBuildFile section */

/* Begin PBXContainerItemProxy section */
		D95EFAD81AA148F300748F34 /* PBXContainerItemProxy */ = {
			isa = PBXContainerItemProxy;
			containerPortal = D95EFABA1AA148F300748F34 /* Project object */;
			proxyType = 1;
			remoteGlobalIDString = D95EFAC11AA148F300748F34;
			remoteInfo = MVRTScouting;
		};
/* End PBXContainerItemProxy section */

/* Begin PBXFileReference section */
		355667AA1AC67732009A7110 /* SubSettingsController.swift */ = {isa = PBXFileReference; fileEncoding = 4; lastKnownFileType = sourcecode.swift; path = SubSettingsController.swift; sourceTree = "<group>"; };
		355667AC1AC6776E009A7110 /* SubSetupController.swift */ = {isa = PBXFileReference; fileEncoding = 4; lastKnownFileType = sourcecode.swift; path = SubSetupController.swift; sourceTree = "<group>"; };
		355667B01AC677E4009A7110 /* TeleopController.swift */ = {isa = PBXFileReference; fileEncoding = 4; lastKnownFileType = sourcecode.swift; path = TeleopController.swift; sourceTree = "<group>"; };
		355667B21AC677F0009A7110 /* PostgameController.swift */ = {isa = PBXFileReference; fileEncoding = 4; lastKnownFileType = sourcecode.swift; path = PostgameController.swift; sourceTree = "<group>"; };
		355667B41AC67815009A7110 /* ScoutRevController.swift */ = {isa = PBXFileReference; fileEncoding = 4; lastKnownFileType = sourcecode.swift; path = ScoutRevController.swift; sourceTree = "<group>"; };
		355667B61AC67849009A7110 /* AutonController.swift */ = {isa = PBXFileReference; fileEncoding = 4; lastKnownFileType = sourcecode.swift; path = AutonController.swift; sourceTree = "<group>"; };
		35F124561AC0EF0F00643E30 /* libicucore.dylib */ = {isa = PBXFileReference; lastKnownFileType = "compiled.mach-o.dylib"; name = libicucore.dylib; path = usr/lib/libicucore.dylib; sourceTree = SDKROOT; };
		35F124581AC0EF1F00643E30 /* libc++.dylib */ = {isa = PBXFileReference; lastKnownFileType = "compiled.mach-o.dylib"; name = "libc++.dylib"; path = "usr/lib/libc++.dylib"; sourceTree = SDKROOT; };
		35F1245A1AC0EF2900643E30 /* CFNetwork.framework */ = {isa = PBXFileReference; lastKnownFileType = wrapper.framework; name = CFNetwork.framework; path = System/Library/Frameworks/CFNetwork.framework; sourceTree = SDKROOT; };
		35F1245C1AC0EF3500643E30 /* Security.framework */ = {isa = PBXFileReference; lastKnownFileType = wrapper.framework; name = Security.framework; path = System/Library/Frameworks/Security.framework; sourceTree = SDKROOT; };
		35F1245E1AC0EF4100643E30 /* SystemConfiguration.framework */ = {isa = PBXFileReference; lastKnownFileType = wrapper.framework; name = SystemConfiguration.framework; path = System/Library/Frameworks/SystemConfiguration.framework; sourceTree = SDKROOT; };
		35F124601AC0EFE700643E30 /* MVRTScouting-Bridging-Header.h */ = {isa = PBXFileReference; lastKnownFileType = sourcecode.c.h; path = "MVRTScouting-Bridging-Header.h"; sourceTree = "<group>"; };
		D95EFAC21AA148F300748F34 /* MVRTScouting.app */ = {isa = PBXFileReference; explicitFileType = wrapper.application; includeInIndex = 0; path = MVRTScouting.app; sourceTree = BUILT_PRODUCTS_DIR; };
		D95EFAC61AA148F300748F34 /* Info.plist */ = {isa = PBXFileReference; lastKnownFileType = text.plist.xml; path = Info.plist; sourceTree = "<group>"; };
		D95EFAC71AA148F300748F34 /* AppDelegate.swift */ = {isa = PBXFileReference; lastKnownFileType = sourcecode.swift; path = AppDelegate.swift; sourceTree = "<group>"; };
		D95EFACC1AA148F300748F34 /* Base */ = {isa = PBXFileReference; lastKnownFileType = file.storyboard; name = Base; path = Base.lproj/Main.storyboard; sourceTree = "<group>"; };
		D95EFACE1AA148F300748F34 /* Images.xcassets */ = {isa = PBXFileReference; lastKnownFileType = folder.assetcatalog; path = Images.xcassets; sourceTree = "<group>"; };
		D95EFAD11AA148F300748F34 /* Base */ = {isa = PBXFileReference; lastKnownFileType = file.xib; name = Base; path = Base.lproj/LaunchScreen.xib; sourceTree = "<group>"; };
		D95EFAD71AA148F300748F34 /* MVRTScoutingTests.xctest */ = {isa = PBXFileReference; explicitFileType = wrapper.cfbundle; includeInIndex = 0; path = MVRTScoutingTests.xctest; sourceTree = BUILT_PRODUCTS_DIR; };
		D95EFADC1AA148F300748F34 /* Info.plist */ = {isa = PBXFileReference; lastKnownFileType = text.plist.xml; path = Info.plist; sourceTree = "<group>"; };
		D95EFADD1AA148F300748F34 /* MVRTScoutingTests.swift */ = {isa = PBXFileReference; lastKnownFileType = sourcecode.swift; path = MVRTScoutingTests.swift; sourceTree = "<group>"; };
		D9C711A41AA67D2D0092695F /* MainOptionController.swift */ = {isa = PBXFileReference; fileEncoding = 4; lastKnownFileType = sourcecode.swift; path = MainOptionController.swift; sourceTree = "<group>"; };
		D9C711A61AA6907D0092695F /* SubController.swift */ = {isa = PBXFileReference; fileEncoding = 4; lastKnownFileType = sourcecode.swift; path = SubController.swift; sourceTree = "<group>"; };
		D9C711A91AA695BD0092695F /* SuperSettingsController.swift */ = {isa = PBXFileReference; fileEncoding = 4; lastKnownFileType = sourcecode.swift; path = SuperSettingsController.swift; sourceTree = "<group>"; };
		D9C711AB1AA695FC0092695F /* SuperStandScoutingController.swift */ = {isa = PBXFileReference; fileEncoding = 4; lastKnownFileType = sourcecode.swift; path = SuperStandScoutingController.swift; sourceTree = "<group>"; };
		D9C711AF1AA696AD0092695F /* ColorScheme.swift */ = {isa = PBXFileReference; fileEncoding = 4; lastKnownFileType = sourcecode.swift; path = ColorScheme.swift; sourceTree = "<group>"; };
		D9C740FF1AC76DD40080E126 /* Firebase.framework */ = {isa = PBXFileReference; lastKnownFileType = wrapper.framework; name = Firebase.framework; path = MVRTScouting/Frameworks/Firebase.framework; sourceTree = "<group>"; };
/* End PBXFileReference section */

/* Begin PBXFrameworksBuildPhase section */
		D95EFABF1AA148F300748F34 /* Frameworks */ = {
			isa = PBXFrameworksBuildPhase;
			buildActionMask = 2147483647;
			files = (
				D9C741001AC76DD40080E126 /* Firebase.framework in Frameworks */,
				35F1245F1AC0EF4100643E30 /* SystemConfiguration.framework in Frameworks */,
				35F1245D1AC0EF3500643E30 /* Security.framework in Frameworks */,
				35F1245B1AC0EF2900643E30 /* CFNetwork.framework in Frameworks */,
				35F124591AC0EF1F00643E30 /* libc++.dylib in Frameworks */,
				35F124571AC0EF0F00643E30 /* libicucore.dylib in Frameworks */,
			);
			runOnlyForDeploymentPostprocessing = 0;
		};
		D95EFAD41AA148F300748F34 /* Frameworks */ = {
			isa = PBXFrameworksBuildPhase;
			buildActionMask = 2147483647;
			files = (
			);
			runOnlyForDeploymentPostprocessing = 0;
		};
/* End PBXFrameworksBuildPhase section */

/* Begin PBXGroup section */
		355667A71AC676F4009A7110 /* SubScoutController */ = {
			isa = PBXGroup;
			children = (
				355667B01AC677E4009A7110 /* TeleopController.swift */,
				355667B21AC677F0009A7110 /* PostgameController.swift */,
				355667B61AC67849009A7110 /* AutonController.swift */,
			);
			name = SubScoutController;
			sourceTree = "<group>";
		};
		355667A81AC67703009A7110 /* SubSettingsController */ = {
			isa = PBXGroup;
			children = (
				355667AA1AC67732009A7110 /* SubSettingsController.swift */,
				355667AC1AC6776E009A7110 /* SubSetupController.swift */,
			);
			name = SubSettingsController;
			sourceTree = "<group>";
		};
		D95EFAB91AA148F300748F34 = {
			isa = PBXGroup;
			children = (
				D9C740FF1AC76DD40080E126 /* Firebase.framework */,
				35F1245E1AC0EF4100643E30 /* SystemConfiguration.framework */,
				35F1245C1AC0EF3500643E30 /* Security.framework */,
				35F1245A1AC0EF2900643E30 /* CFNetwork.framework */,
				35F124581AC0EF1F00643E30 /* libc++.dylib */,
				35F124561AC0EF0F00643E30 /* libicucore.dylib */,
				D95EFAC41AA148F300748F34 /* MVRTScouting */,
				D95EFADA1AA148F300748F34 /* MVRTScoutingTests */,
				D95EFAC31AA148F300748F34 /* Products */,
			);
			sourceTree = "<group>";
		};
		D95EFAC31AA148F300748F34 /* Products */ = {
			isa = PBXGroup;
			children = (
				D95EFAC21AA148F300748F34 /* MVRTScouting.app */,
				D95EFAD71AA148F300748F34 /* MVRTScoutingTests.xctest */,
			);
			name = Products;
			sourceTree = "<group>";
		};
		D95EFAC41AA148F300748F34 /* MVRTScouting */ = {
			isa = PBXGroup;
			children = (
				355667A81AC67703009A7110 /* SubSettingsController */,
				355667A71AC676F4009A7110 /* SubScoutController */,
				D9C711A81AA695A00092695F /* SuperControllers */,
				D95EFAC71AA148F300748F34 /* AppDelegate.swift */,
				D9C711A61AA6907D0092695F /* SubController.swift */,
				D9C711A41AA67D2D0092695F /* MainOptionController.swift */,
				D9C711AF1AA696AD0092695F /* ColorScheme.swift */,
				D95EFACB1AA148F300748F34 /* Main.storyboard */,
				D95EFAD01AA148F300748F34 /* LaunchScreen.xib */,
				35F124601AC0EFE700643E30 /* MVRTScouting-Bridging-Header.h */,
				D95EFACE1AA148F300748F34 /* Images.xcassets */,
				D95EFAC51AA148F300748F34 /* Supporting Files */,
			);
			path = MVRTScouting;
			sourceTree = "<group>";
		};
		D95EFAC51AA148F300748F34 /* Supporting Files */ = {
			isa = PBXGroup;
			children = (
				D95EFAC61AA148F300748F34 /* Info.plist */,
			);
			name = "Supporting Files";
			sourceTree = "<group>";
		};
		D95EFADA1AA148F300748F34 /* MVRTScoutingTests */ = {
			isa = PBXGroup;
			children = (
				D95EFADD1AA148F300748F34 /* MVRTScoutingTests.swift */,
				D95EFADB1AA148F300748F34 /* Supporting Files */,
			);
			path = MVRTScoutingTests;
			sourceTree = "<group>";
		};
		D95EFADB1AA148F300748F34 /* Supporting Files */ = {
			isa = PBXGroup;
			children = (
				D95EFADC1AA148F300748F34 /* Info.plist */,
			);
			name = "Supporting Files";
			sourceTree = "<group>";
		};
		D9C711A81AA695A00092695F /* SuperControllers */ = {
			isa = PBXGroup;
			children = (
				D9C711AB1AA695FC0092695F /* SuperStandScoutingController.swift */,
				D9C711A91AA695BD0092695F /* SuperSettingsController.swift */,
				355667B41AC67815009A7110 /* ScoutRevController.swift */,
			);
			name = SuperControllers;
			sourceTree = "<group>";
		};
/* End PBXGroup section */

/* Begin PBXNativeTarget section */
		D95EFAC11AA148F300748F34 /* MVRTScouting */ = {
			isa = PBXNativeTarget;
			buildConfigurationList = D95EFAE11AA148F300748F34 /* Build configuration list for PBXNativeTarget "MVRTScouting" */;
			buildPhases = (
				D95EFABE1AA148F300748F34 /* Sources */,
				D95EFABF1AA148F300748F34 /* Frameworks */,
				D95EFAC01AA148F300748F34 /* Resources */,
			);
			buildRules = (
			);
			dependencies = (
			);
			name = MVRTScouting;
			productName = MVRTScouting;
			productReference = D95EFAC21AA148F300748F34 /* MVRTScouting.app */;
			productType = "com.apple.product-type.application";
		};
		D95EFAD61AA148F300748F34 /* MVRTScoutingTests */ = {
			isa = PBXNativeTarget;
			buildConfigurationList = D95EFAE41AA148F300748F34 /* Build configuration list for PBXNativeTarget "MVRTScoutingTests" */;
			buildPhases = (
				D95EFAD31AA148F300748F34 /* Sources */,
				D95EFAD41AA148F300748F34 /* Frameworks */,
				D95EFAD51AA148F300748F34 /* Resources */,
			);
			buildRules = (
			);
			dependencies = (
				D95EFAD91AA148F300748F34 /* PBXTargetDependency */,
			);
			name = MVRTScoutingTests;
			productName = MVRTScoutingTests;
			productReference = D95EFAD71AA148F300748F34 /* MVRTScoutingTests.xctest */;
			productType = "com.apple.product-type.bundle.unit-test";
		};
/* End PBXNativeTarget section */

/* Begin PBXProject section */
		D95EFABA1AA148F300748F34 /* Project object */ = {
			isa = PBXProject;
			attributes = {
				LastUpgradeCheck = 0630;
				ORGANIZATIONNAME = MVRT;
				TargetAttributes = {
					D95EFAC11AA148F300748F34 = {
						CreatedOnToolsVersion = 6.3;
						DevelopmentTeam = BV428J45SW;
					};
					D95EFAD61AA148F300748F34 = {
						CreatedOnToolsVersion = 6.3;
						TestTargetID = D95EFAC11AA148F300748F34;
					};
				};
			};
			buildConfigurationList = D95EFABD1AA148F300748F34 /* Build configuration list for PBXProject "MVRTScouting" */;
			compatibilityVersion = "Xcode 3.2";
			developmentRegion = English;
			hasScannedForEncodings = 0;
			knownRegions = (
				en,
				Base,
			);
			mainGroup = D95EFAB91AA148F300748F34;
			productRefGroup = D95EFAC31AA148F300748F34 /* Products */;
			projectDirPath = "";
			projectRoot = "";
			targets = (
				D95EFAC11AA148F300748F34 /* MVRTScouting */,
				D95EFAD61AA148F300748F34 /* MVRTScoutingTests */,
			);
		};
/* End PBXProject section */

/* Begin PBXResourcesBuildPhase section */
		D95EFAC01AA148F300748F34 /* Resources */ = {
			isa = PBXResourcesBuildPhase;
			buildActionMask = 2147483647;
			files = (
				D95EFACD1AA148F300748F34 /* Main.storyboard in Resources */,
				D95EFAD21AA148F300748F34 /* LaunchScreen.xib in Resources */,
				D95EFACF1AA148F300748F34 /* Images.xcassets in Resources */,
			);
			runOnlyForDeploymentPostprocessing = 0;
		};
		D95EFAD51AA148F300748F34 /* Resources */ = {
			isa = PBXResourcesBuildPhase;
			buildActionMask = 2147483647;
			files = (
			);
			runOnlyForDeploymentPostprocessing = 0;
		};
/* End PBXResourcesBuildPhase section */

/* Begin PBXSourcesBuildPhase section */
		D95EFABE1AA148F300748F34 /* Sources */ = {
			isa = PBXSourcesBuildPhase;
			buildActionMask = 2147483647;
			files = (
				D9C711AA1AA695BD0092695F /* SuperSettingsController.swift in Sources */,
				D9C711AC1AA695FC0092695F /* SuperStandScoutingController.swift in Sources */,
				355667B51AC67815009A7110 /* ScoutRevController.swift in Sources */,
				355667AD1AC6776E009A7110 /* SubSetupController.swift in Sources */,
				355667B11AC677E4009A7110 /* TeleopController.swift in Sources */,
				D9C711A71AA6907D0092695F /* SubController.swift in Sources */,
				355667AB1AC67732009A7110 /* SubSettingsController.swift in Sources */,
				355667B71AC67849009A7110 /* AutonController.swift in Sources */,
				355667B31AC677F0009A7110 /* PostgameController.swift in Sources */,
				D9C711B01AA696AD0092695F /* ColorScheme.swift in Sources */,
				D9C711A51AA67D2D0092695F /* MainOptionController.swift in Sources */,
				D95EFAC81AA148F300748F34 /* AppDelegate.swift in Sources */,
			);
			runOnlyForDeploymentPostprocessing = 0;
		};
		D95EFAD31AA148F300748F34 /* Sources */ = {
			isa = PBXSourcesBuildPhase;
			buildActionMask = 2147483647;
			files = (
				D95EFADE1AA148F300748F34 /* MVRTScoutingTests.swift in Sources */,
			);
			runOnlyForDeploymentPostprocessing = 0;
		};
/* End PBXSourcesBuildPhase section */

/* Begin PBXTargetDependency section */
		D95EFAD91AA148F300748F34 /* PBXTargetDependency */ = {
			isa = PBXTargetDependency;
			target = D95EFAC11AA148F300748F34 /* MVRTScouting */;
			targetProxy = D95EFAD81AA148F300748F34 /* PBXContainerItemProxy */;
		};
/* End PBXTargetDependency section */

/* Begin PBXVariantGroup section */
		D95EFACB1AA148F300748F34 /* Main.storyboard */ = {
			isa = PBXVariantGroup;
			children = (
				D95EFACC1AA148F300748F34 /* Base */,
			);
			name = Main.storyboard;
			sourceTree = "<group>";
		};
		D95EFAD01AA148F300748F34 /* LaunchScreen.xib */ = {
			isa = PBXVariantGroup;
			children = (
				D95EFAD11AA148F300748F34 /* Base */,
			);
			name = LaunchScreen.xib;
			sourceTree = "<group>";
		};
/* End PBXVariantGroup section */

/* Begin XCBuildConfiguration section */
		D95EFADF1AA148F300748F34 /* Debug */ = {
			isa = XCBuildConfiguration;
			buildSettings = {
				ALWAYS_SEARCH_USER_PATHS = NO;
				CLANG_CXX_LANGUAGE_STANDARD = "gnu++0x";
				CLANG_CXX_LIBRARY = "libc++";
				CLANG_ENABLE_MODULES = YES;
				CLANG_ENABLE_OBJC_ARC = YES;
				CLANG_WARN_BOOL_CONVERSION = YES;
				CLANG_WARN_CONSTANT_CONVERSION = YES;
				CLANG_WARN_DIRECT_OBJC_ISA_USAGE = YES_ERROR;
				CLANG_WARN_EMPTY_BODY = YES;
				CLANG_WARN_ENUM_CONVERSION = YES;
				CLANG_WARN_INT_CONVERSION = YES;
				CLANG_WARN_OBJC_ROOT_CLASS = YES_ERROR;
				CLANG_WARN_UNREACHABLE_CODE = YES;
				CLANG_WARN__DUPLICATE_METHOD_MATCH = YES;
				"CODE_SIGN_IDENTITY[sdk=iphoneos*]" = "iPhone Developer";
				COPY_PHASE_STRIP = NO;
				DEBUG_INFORMATION_FORMAT = dwarf;
				ENABLE_STRICT_OBJC_MSGSEND = YES;
				GCC_C_LANGUAGE_STANDARD = gnu99;
				GCC_DYNAMIC_NO_PIC = NO;
				GCC_NO_COMMON_BLOCKS = YES;
				GCC_OPTIMIZATION_LEVEL = 0;
				GCC_PREPROCESSOR_DEFINITIONS = (
					"DEBUG=1",
					"$(inherited)",
				);
				GCC_SYMBOLS_PRIVATE_EXTERN = NO;
				GCC_WARN_64_TO_32_BIT_CONVERSION = YES;
				GCC_WARN_ABOUT_RETURN_TYPE = YES_ERROR;
				GCC_WARN_UNDECLARED_SELECTOR = YES;
				GCC_WARN_UNINITIALIZED_AUTOS = YES_AGGRESSIVE;
				GCC_WARN_UNUSED_FUNCTION = YES;
				GCC_WARN_UNUSED_VARIABLE = YES;
				IPHONEOS_DEPLOYMENT_TARGET = 8.3;
				MTL_ENABLE_DEBUG_INFO = YES;
				ONLY_ACTIVE_ARCH = YES;
				SDKROOT = iphoneos;
				SWIFT_OPTIMIZATION_LEVEL = "-Onone";
			};
			name = Debug;
		};
		D95EFAE01AA148F300748F34 /* Release */ = {
			isa = XCBuildConfiguration;
			buildSettings = {
				ALWAYS_SEARCH_USER_PATHS = NO;
				CLANG_CXX_LANGUAGE_STANDARD = "gnu++0x";
				CLANG_CXX_LIBRARY = "libc++";
				CLANG_ENABLE_MODULES = YES;
				CLANG_ENABLE_OBJC_ARC = YES;
				CLANG_WARN_BOOL_CONVERSION = YES;
				CLANG_WARN_CONSTANT_CONVERSION = YES;
				CLANG_WARN_DIRECT_OBJC_ISA_USAGE = YES_ERROR;
				CLANG_WARN_EMPTY_BODY = YES;
				CLANG_WARN_ENUM_CONVERSION = YES;
				CLANG_WARN_INT_CONVERSION = YES;
				CLANG_WARN_OBJC_ROOT_CLASS = YES_ERROR;
				CLANG_WARN_UNREACHABLE_CODE = YES;
				CLANG_WARN__DUPLICATE_METHOD_MATCH = YES;
				"CODE_SIGN_IDENTITY[sdk=iphoneos*]" = "iPhone Developer";
				COPY_PHASE_STRIP = NO;
				DEBUG_INFORMATION_FORMAT = "dwarf-with-dsym";
				ENABLE_NS_ASSERTIONS = NO;
				ENABLE_STRICT_OBJC_MSGSEND = YES;
				GCC_C_LANGUAGE_STANDARD = gnu99;
				GCC_NO_COMMON_BLOCKS = YES;
				GCC_WARN_64_TO_32_BIT_CONVERSION = YES;
				GCC_WARN_ABOUT_RETURN_TYPE = YES_ERROR;
				GCC_WARN_UNDECLARED_SELECTOR = YES;
				GCC_WARN_UNINITIALIZED_AUTOS = YES_AGGRESSIVE;
				GCC_WARN_UNUSED_FUNCTION = YES;
				GCC_WARN_UNUSED_VARIABLE = YES;
				IPHONEOS_DEPLOYMENT_TARGET = 8.3;
				MTL_ENABLE_DEBUG_INFO = NO;
				SDKROOT = iphoneos;
				VALIDATE_PRODUCT = YES;
			};
			name = Release;
		};
		D95EFAE21AA148F300748F34 /* Debug */ = {
			isa = XCBuildConfiguration;
			buildSettings = {
				ASSETCATALOG_COMPILER_APPICON_NAME = AppIcon;
				CLANG_ENABLE_MODULES = YES;
				FRAMEWORK_SEARCH_PATHS = (
					"$(inherited)",
					/Users/siddharth/Downloads,
					"$(PROJECT_DIR)/MVRTScouting/Frameworks",
				);
				INFOPLIST_FILE = MVRTScouting/Info.plist;
				IPHONEOS_DEPLOYMENT_TARGET = 8.0;
				LD_RUNPATH_SEARCH_PATHS = "$(inherited) @executable_path/Frameworks";
				OTHER_LDFLAGS = "-ObjC";
				PRODUCT_NAME = "$(TARGET_NAME)";
				SWIFT_OBJC_BRIDGING_HEADER = "MVRTScouting/MVRTScouting-Bridging-Header.h";
				SWIFT_OPTIMIZATION_LEVEL = "-Onone";
				TARGETED_DEVICE_FAMILY = "1,2";
			};
			name = Debug;
		};
		D95EFAE31AA148F300748F34 /* Release */ = {
			isa = XCBuildConfiguration;
			buildSettings = {
				ASSETCATALOG_COMPILER_APPICON_NAME = AppIcon;
				CLANG_ENABLE_MODULES = YES;
				FRAMEWORK_SEARCH_PATHS = (
					"$(inherited)",
					/Users/siddharth/Downloads,
					"$(PROJECT_DIR)/MVRTScouting/Frameworks",
				);
				INFOPLIST_FILE = MVRTScouting/Info.plist;
				IPHONEOS_DEPLOYMENT_TARGET = 8.0;
				LD_RUNPATH_SEARCH_PATHS = "$(inherited) @executable_path/Frameworks";
				OTHER_LDFLAGS = "-ObjC";
				PRODUCT_NAME = "$(TARGET_NAME)";
				SWIFT_OBJC_BRIDGING_HEADER = "MVRTScouting/MVRTScouting-Bridging-Header.h";
				TARGETED_DEVICE_FAMILY = "1,2";
			};
			name = Release;
		};
		D95EFAE51AA148F300748F34 /* Debug */ = {
			isa = XCBuildConfiguration;
			buildSettings = {
				BUNDLE_LOADER = "$(TEST_HOST)";
				FRAMEWORK_SEARCH_PATHS = (
					"$(SDKROOT)/Developer/Library/Frameworks",
					"$(inherited)",
				);
				GCC_PREPROCESSOR_DEFINITIONS = (
					"DEBUG=1",
					"$(inherited)",
				);
				INFOPLIST_FILE = MVRTScoutingTests/Info.plist;
				LD_RUNPATH_SEARCH_PATHS = "$(inherited) @executable_path/Frameworks @loader_path/Frameworks";
				PRODUCT_NAME = "$(TARGET_NAME)";
				TEST_HOST = "$(BUILT_PRODUCTS_DIR)/MVRTScouting.app/MVRTScouting";
			};
			name = Debug;
		};
		D95EFAE61AA148F300748F34 /* Release */ = {
			isa = XCBuildConfiguration;
			buildSettings = {
				BUNDLE_LOADER = "$(TEST_HOST)";
				FRAMEWORK_SEARCH_PATHS = (
					"$(SDKROOT)/Developer/Library/Frameworks",
					"$(inherited)",
				);
				INFOPLIST_FILE = MVRTScoutingTests/Info.plist;
				LD_RUNPATH_SEARCH_PATHS = "$(inherited) @executable_path/Frameworks @loader_path/Frameworks";
				PRODUCT_NAME = "$(TARGET_NAME)";
				TEST_HOST = "$(BUILT_PRODUCTS_DIR)/MVRTScouting.app/MVRTScouting";
			};
			name = Release;
		};
/* End XCBuildConfiguration section */

/* Begin XCConfigurationList section */
		D95EFABD1AA148F300748F34 /* Build configuration list for PBXProject "MVRTScouting" */ = {
			isa = XCConfigurationList;
			buildConfigurations = (
				D95EFADF1AA148F300748F34 /* Debug */,
				D95EFAE01AA148F300748F34 /* Release */,
			);
			defaultConfigurationIsVisible = 0;
			defaultConfigurationName = Release;
		};
		D95EFAE11AA148F300748F34 /* Build configuration list for PBXNativeTarget "MVRTScouting" */ = {
			isa = XCConfigurationList;
			buildConfigurations = (
				D95EFAE21AA148F300748F34 /* Debug */,
				D95EFAE31AA148F300748F34 /* Release */,
			);
			defaultConfigurationIsVisible = 0;
			defaultConfigurationName = Release;
		};
		D95EFAE41AA148F300748F34 /* Build configuration list for PBXNativeTarget "MVRTScoutingTests" */ = {
			isa = XCConfigurationList;
			buildConfigurations = (
				D95EFAE51AA148F300748F34 /* Debug */,
				D95EFAE61AA148F300748F34 /* Release */,
			);
			defaultConfigurationIsVisible = 0;
			defaultConfigurationName = Release;
		};
/* End XCConfigurationList section */
	};
	rootObject = D95EFABA1AA148F300748F34 /* Project object */;
}
